{
  "version": 4,
  "terraform_version": "1.3.3",
  "serial": 94,
  "lineage": "2bcc7108-7293-d766-b591-b337ac48f028",
  "outputs": {
    "endpoint": {
      "value": "34.171.136.164",
      "type": "string"
    },
    "gke-net-router-name": {
      "value": "gke-net-router",
      "type": "string"
    },
    "id": {
      "value": "projects/certif-demo-project/locations/us-central1/clusters/gke-standard-zoubir-ouarab-notepad-dev",
      "type": "string"
    },
    "master_version": {
      "value": "1.22.12-gke.2300",
      "type": "string"
    },
    "name": {
      "value": "vpc-zoubir-ouarab-notepad-dev",
      "type": "string"
    },
    "network_id": {
      "value": "projects/certif-demo-project/global/networks/vpc-zoubir-ouarab-notepad-dev",
      "type": "string"
    },
    "network_self_link": {
      "value": "https://www.googleapis.com/compute/v1/projects/certif-demo-project/global/networks/vpc-zoubir-ouarab-notepad-dev",
      "type": "string"
    },
    "subnet_standard_selflink": {
      "value": "https://www.googleapis.com/compute/v1/projects/certif-demo-project/regions/us-central1/subnetworks/gke-standard-zoubir-ouarab-notepad-dev-subnet",
      "type": "string"
    }
  },
  "resources": [
    {
      "mode": "managed",
      "type": "google_compute_address",
      "name": "regional_external_ip",
      "provider": "provider[\"registry.terraform.io/hashicorp/google\"]",
      "instances": [
        {
          "schema_version": 0,
          "attributes": {
            "address": "34.134.16.38",
            "address_type": "EXTERNAL",
            "creation_timestamp": "2022-10-31T14:40:06.101-07:00",
            "description": "",
            "id": "projects/certif-demo-project/regions/us-central1/addresses/myapp-nginx-service-web-ip",
            "name": "myapp-nginx-service-web-ip",
            "network": "",
            "network_tier": "PREMIUM",
            "prefix_length": 0,
            "project": "certif-demo-project",
            "purpose": "",
            "region": "us-central1",
            "self_link": "https://www.googleapis.com/compute/v1/projects/certif-demo-project/regions/us-central1/addresses/myapp-nginx-service-web-ip",
            "subnetwork": "",
            "timeouts": null,
            "users": []
          },
          "sensitive_attributes": [],
          "private": "eyJlMmJmYjczMC1lY2FhLTExZTYtOGY4OC0zNDM2M2JjN2M0YzAiOnsiY3JlYXRlIjoxMjAwMDAwMDAwMDAwLCJkZWxldGUiOjEyMDAwMDAwMDAwMDB9fQ=="
        }
      ]
    },
    {
      "mode": "managed",
      "type": "google_compute_network",
      "name": "vpc_network",
      "provider": "provider[\"registry.terraform.io/hashicorp/google\"]",
      "instances": [
        {
          "schema_version": 0,
          "attributes": {
            "auto_create_subnetworks": false,
            "delete_default_routes_on_create": false,
            "description": "",
            "enable_ula_internal_ipv6": false,
            "gateway_ipv4": "",
            "id": "projects/certif-demo-project/global/networks/vpc-zoubir-ouarab-notepad-dev",
            "internal_ipv6_range": "",
            "mtu": 0,
            "name": "vpc-zoubir-ouarab-notepad-dev",
            "project": "certif-demo-project",
            "routing_mode": "GLOBAL",
            "self_link": "https://www.googleapis.com/compute/v1/projects/certif-demo-project/global/networks/vpc-zoubir-ouarab-notepad-dev",
            "timeouts": null
          },
          "sensitive_attributes": [],
          "private": "eyJlMmJmYjczMC1lY2FhLTExZTYtOGY4OC0zNDM2M2JjN2M0YzAiOnsiY3JlYXRlIjoxMjAwMDAwMDAwMDAwLCJkZWxldGUiOjEyMDAwMDAwMDAwMDAsInVwZGF0ZSI6MTIwMDAwMDAwMDAwMH19"
        }
      ]
    },
    {
      "mode": "managed",
      "type": "google_compute_router",
      "name": "gke-net-router",
      "provider": "provider[\"registry.terraform.io/hashicorp/google\"]",
      "instances": [
        {
          "schema_version": 0,
          "attributes": {
            "bgp": [
              {
                "advertise_mode": "DEFAULT",
                "advertised_groups": null,
                "advertised_ip_ranges": [],
                "asn": 64514,
                "keepalive_interval": 20
              }
            ],
            "creation_timestamp": "2022-10-31T14:40:17.007-07:00",
            "description": "",
            "encrypted_interconnect_router": false,
            "id": "projects/certif-demo-project/regions/us-central1/routers/gke-net-router",
            "name": "gke-net-router",
            "network": "https://www.googleapis.com/compute/v1/projects/certif-demo-project/global/networks/vpc-zoubir-ouarab-notepad-dev",
            "project": "certif-demo-project",
            "region": "us-central1",
            "self_link": "https://www.googleapis.com/compute/v1/projects/certif-demo-project/regions/us-central1/routers/gke-net-router",
            "timeouts": null
          },
          "sensitive_attributes": [],
          "private": "eyJlMmJmYjczMC1lY2FhLTExZTYtOGY4OC0zNDM2M2JjN2M0YzAiOnsiY3JlYXRlIjoxMjAwMDAwMDAwMDAwLCJkZWxldGUiOjEyMDAwMDAwMDAwMDAsInVwZGF0ZSI6MTIwMDAwMDAwMDAwMH19",
          "dependencies": [
            "google_compute_network.vpc_network"
          ]
        }
      ]
    },
    {
      "mode": "managed",
      "type": "google_compute_router_nat",
      "name": "gke_cloud_nat",
      "provider": "provider[\"registry.terraform.io/hashicorp/google\"]",
      "instances": [
        {
          "schema_version": 0,
          "attributes": {
            "drain_nat_ips": null,
            "enable_dynamic_port_allocation": false,
            "enable_endpoint_independent_mapping": true,
            "icmp_idle_timeout_sec": 30,
            "id": "certif-demo-project/us-central1/gke-net-router/gke-cloud-nat",
            "log_config": [
              {
                "enable": true,
                "filter": "ALL"
              }
            ],
            "max_ports_per_vm": 0,
            "min_ports_per_vm": 0,
            "name": "gke-cloud-nat",
            "nat_ip_allocate_option": "AUTO_ONLY",
            "nat_ips": null,
            "project": "certif-demo-project",
            "region": "us-central1",
            "router": "gke-net-router",
            "source_subnetwork_ip_ranges_to_nat": "ALL_SUBNETWORKS_ALL_IP_RANGES",
            "subnetwork": [],
            "tcp_established_idle_timeout_sec": 1200,
            "tcp_transitory_idle_timeout_sec": 30,
            "timeouts": null,
            "udp_idle_timeout_sec": 30
          },
          "sensitive_attributes": [],
          "private": "eyJlMmJmYjczMC1lY2FhLTExZTYtOGY4OC0zNDM2M2JjN2M0YzAiOnsiY3JlYXRlIjoxMjAwMDAwMDAwMDAwLCJkZWxldGUiOjEyMDAwMDAwMDAwMDAsInVwZGF0ZSI6MTIwMDAwMDAwMDAwMH19",
          "dependencies": [
            "google_compute_network.vpc_network",
            "google_compute_router.gke-net-router"
          ]
        }
      ]
    },
    {
      "mode": "managed",
      "type": "google_compute_subnetwork",
      "name": "gke_standard_subnet",
      "provider": "provider[\"registry.terraform.io/hashicorp/google\"]",
      "instances": [
        {
          "schema_version": 0,
          "attributes": {
            "creation_timestamp": "2022-10-31T14:40:17.292-07:00",
            "description": "",
            "external_ipv6_prefix": "",
            "fingerprint": null,
            "gateway_address": "10.130.0.1",
            "id": "projects/certif-demo-project/regions/us-central1/subnetworks/gke-standard-zoubir-ouarab-notepad-dev-subnet",
            "ip_cidr_range": "10.130.0.0/24",
            "ipv6_access_type": "",
            "ipv6_cidr_range": "",
            "log_config": [
              {
                "aggregation_interval": "INTERVAL_15_MIN",
                "filter_expr": "true",
                "flow_sampling": 0.5,
                "metadata": "INCLUDE_ALL_METADATA",
                "metadata_fields": null
              }
            ],
            "name": "gke-standard-zoubir-ouarab-notepad-dev-subnet",
            "network": "https://www.googleapis.com/compute/v1/projects/certif-demo-project/global/networks/vpc-zoubir-ouarab-notepad-dev",
            "private_ip_google_access": true,
            "private_ipv6_google_access": "DISABLE_GOOGLE_ACCESS",
            "project": "certif-demo-project",
            "purpose": "PRIVATE",
            "region": "us-central1",
            "role": "",
            "secondary_ip_range": [
              {
                "ip_cidr_range": "10.0.0.0/16",
                "range_name": "gke-standard-pods"
              },
              {
                "ip_cidr_range": "10.100.0.0/23",
                "range_name": "gke-standard-services"
              }
            ],
            "self_link": "https://www.googleapis.com/compute/v1/projects/certif-demo-project/regions/us-central1/subnetworks/gke-standard-zoubir-ouarab-notepad-dev-subnet",
            "stack_type": "IPV4_ONLY",
            "timeouts": null
          },
          "sensitive_attributes": [],
          "private": "eyJlMmJmYjczMC1lY2FhLTExZTYtOGY4OC0zNDM2M2JjN2M0YzAiOnsiY3JlYXRlIjoxMjAwMDAwMDAwMDAwLCJkZWxldGUiOjEyMDAwMDAwMDAwMDAsInVwZGF0ZSI6MTIwMDAwMDAwMDAwMH19",
          "dependencies": [
            "google_compute_network.vpc_network"
          ]
        }
      ]
    },
    {
      "mode": "managed",
      "type": "google_container_cluster",
      "name": "primary_cluster",
      "provider": "provider[\"registry.terraform.io/hashicorp/google-beta\"]",
      "instances": [
        {
          "schema_version": 1,
          "attributes": {
            "addons_config": [
              {
                "cloudrun_config": [],
                "config_connector_config": [],
                "dns_cache_config": [],
                "gce_persistent_disk_csi_driver_config": [
                  {
                    "enabled": true
                  }
                ],
                "gcp_filestore_csi_driver_config": [],
                "gke_backup_agent_config": [],
                "horizontal_pod_autoscaling": [],
                "http_load_balancing": [
                  {
                    "disabled": false
                  }
                ],
                "istio_config": [],
                "kalm_config": [],
                "network_policy_config": [
                  {
                    "disabled": true
                  }
                ]
              }
            ],
            "authenticator_groups_config": [],
            "binary_authorization": [
              {
                "enabled": false,
                "evaluation_mode": ""
              }
            ],
            "cluster_autoscaling": [
              {
                "auto_provisioning_defaults": [],
                "autoscaling_profile": "BALANCED",
                "enabled": false,
                "resource_limits": []
              }
            ],
            "cluster_ipv4_cidr": "10.0.0.0/16",
            "cluster_telemetry": [
              {
                "type": "ENABLED"
              }
            ],
            "confidential_nodes": [],
            "cost_management_config": [],
            "database_encryption": [
              {
                "key_name": "",
                "state": "DECRYPTED"
              }
            ],
            "datapath_provider": "ADVANCED_DATAPATH",
            "default_max_pods_per_node": 110,
            "default_snat_status": [
              {
                "disabled": false
              }
            ],
            "description": "",
            "dns_config": [],
            "enable_autopilot": false,
            "enable_binary_authorization": false,
            "enable_intranode_visibility": false,
            "enable_kubernetes_alpha": false,
            "enable_l4_ilb_subsetting": false,
            "enable_legacy_abac": false,
            "enable_shielded_nodes": true,
            "enable_tpu": false,
            "endpoint": "34.171.136.164",
            "id": "projects/certif-demo-project/locations/us-central1/clusters/gke-standard-zoubir-ouarab-notepad-dev",
            "identity_service_config": [],
            "initial_node_count": 1,
            "ip_allocation_policy": [
              {
                "cluster_ipv4_cidr_block": "10.0.0.0/16",
                "cluster_secondary_range_name": "gke-standard-pods",
                "services_ipv4_cidr_block": "10.100.0.0/23",
                "services_secondary_range_name": "gke-standard-services"
              }
            ],
            "label_fingerprint": "a9dc16a7",
            "location": "us-central1",
            "logging_config": [
              {
                "enable_components": [
                  "SYSTEM_COMPONENTS",
                  "WORKLOADS"
                ]
              }
            ],
            "logging_service": "logging.googleapis.com/kubernetes",
            "maintenance_policy": [],
            "master_auth": [
              {
                "client_certificate": "",
                "client_certificate_config": [
                  {
                    "issue_client_certificate": false
                  }
                ],
                "client_key": "",
                "cluster_ca_certificate": "LS0tLS1CRUdJTiBDRVJUSUZJQ0FURS0tLS0tCk1JSUVMVENDQXBXZ0F3SUJBZ0lSQUtlSm9pVWVTbEtBOHljN21kbGRPcGN3RFFZSktvWklodmNOQVFFTEJRQXcKTHpFdE1Dc0dBMVVFQXhNa1pHRmlPV1ZsTURFdE9EVTNNeTAwTlRVMkxXRXdNR010TWprNVpqWmpNVGhtTUdFegpNQ0FYRFRJeU1UQXpNVEl3TkRBek9Gb1lEekl3TlRJeE1ESXpNakUwTURNNFdqQXZNUzB3S3dZRFZRUURFeVJrCllXSTVaV1V3TVMwNE5UY3pMVFExTlRZdFlUQXdZeTB5T1RsbU5tTXhPR1l3WVRNd2dnR2lNQTBHQ1NxR1NJYjMKRFFFQkFRVUFBNElCandBd2dnR0tBb0lCZ1FEYmRabnRnUnFtOHVZZmU4S0p1NzRyWmNCcVlEYUc2M2hCMVpZUwo4RXhwQnZ0aFppOHYrZmFLbDdrc0JsQWVZT3p5TEEvQm55M1FhbUJpRUI0M2dMK1NiT2lGNmpBb2ZsQXprSytECm5JQnZDeWZPcmxkcGpNdGU1ZktlOFBGQXVQM3lQUWx3NkNzYUJsbVhLbE5wNTdzVnJwUVNRbWVRMnhKUlVXSWsKbFpqWHkwY3N3aDlsU1laTWZyUWNTbjkzdE1sNUFWV0t2WDNOU1EzTmZIN1lJSy9oV0FVdzVtMkdBYWFEKy9SSQo0YTRWY0hTK0tsL3lVOXphck4vblMrNnRZOWVHQlNsOHJzTU93cEdOK09FckRUY0cxemZCaWg3YkNRWDF1NkVVCkpZQ0FmMWd2NlhMbFc5WkVwME1SYk1RSVRFUzd5d0RjTU9lemhwY3pUWGJLcHR4RE54Y0NpR3kxaVBKcUNNSlIKbWF0bTNneGZBbnV0MzlaNDZqMlcwSWtvK0ZZUHR2TjRDV1Irc1VScmp0TGdmSFhUSnlySklUTndJWkF4eVJ6KwpjQ2VZZHozalNGQ0g4dXpMZkxWZnJ6NHpFczNwKzRFWVVaeFUxVDhIT0lCZzhIeUdGemlqR2VESHEvK1JLbmVyCjN4RkhRTFRhVU5pUE11RGl0WlRzaVRHKzdHY0NBd0VBQWFOQ01FQXdEZ1lEVlIwUEFRSC9CQVFEQWdJRU1BOEcKQTFVZEV3RUIvd1FGTUFNQkFmOHdIUVlEVlIwT0JCWUVGSEc0MnJzT1R6a3RZRWppbmFaWFBBSTlLd1R5TUEwRwpDU3FHU0liM0RRRUJDd1VBQTRJQmdRQi9pVHVmZUFmdlZ1ay9id0lsa1RYRFhBdWZxMG1CNTROTElCZnozOUFCCkhVaWF2bjhRZkNRWFNVbXRUZmR5MVlpeEptOEZYM2pJbmYwTitwNFl3ekw3Tnl0N0JsWmJsUG1UbkpLTHBETmMKN2dCUVNvTVFXZnBWOHJqVENZTlgrMWxaZFk5bWNISnZUM0NqWm5ianRNaG1xTHZTV3dTV1lFc29IaWkzdVRMSQo1aGxtVnBLSTJWNUhieVAyd2pIU3haTzZtaVpTVm1wL3NIQkdVUEd1QXR3V0RvY1FhT21RclROcnlrOG9qcVg0ClFPWGRUbjVibTNYK1VYQmZMLzhKdlB5MUw4UDBYaVUyVzUrMkphckdlY3A1MmVLSm94MytDd282WXV0a1ZuRVIKZXVHV0s2TGJLQ3pxUXJsbjIycWViZXV6azFjMHFiVEJuQWFVU3VyNURJeDJDTGhOV2tCKzM2UXJMQXZ6MUpZZApNcHZrajBNdTZzVDlLb2VCQmVZWjZ0RFZZZnZLbDBrb2hMVXR6TnM0Z28za3Q1Y21OWTlpYWM2RFZxbU94WmJkCkVJL0wxdDNNV2JOMHpxZFZGVjVqUVdaeTVHT2NKN0tUNHl5RENMMkxad0VnM0twYUR3TEpyQU80cGdLM0ZNRDcKd01LMi9mdWNBVGlWRXEvZGVVdURqaFU9Ci0tLS0tRU5EIENFUlRJRklDQVRFLS0tLS0K"
              }
            ],
            "master_authorized_networks_config": [],
            "master_version": "1.22.12-gke.2300",
            "mesh_certificates": [],
            "min_master_version": "1.22.12-gke.2300",
            "monitoring_config": [
              {
                "enable_components": [
                  "SYSTEM_COMPONENTS"
                ],
                "managed_prometheus": []
              }
            ],
            "monitoring_service": "monitoring.googleapis.com/kubernetes",
            "name": "gke-standard-zoubir-ouarab-notepad-dev",
            "network": "projects/certif-demo-project/global/networks/vpc-zoubir-ouarab-notepad-dev",
            "network_policy": [
              {
                "enabled": false,
                "provider": "PROVIDER_UNSPECIFIED"
              }
            ],
            "networking_mode": "VPC_NATIVE",
            "node_config": [],
            "node_locations": [
              "us-central1-b",
              "us-central1-c",
              "us-central1-f"
            ],
            "node_pool": [],
            "node_pool_auto_config": [
              {
                "network_tags": null
              }
            ],
            "node_pool_defaults": [
              {
                "node_config_defaults": null
              }
            ],
            "node_version": "1.22.12-gke.2300",
            "notification_config": [
              {
                "pubsub": [
                  {
                    "enabled": false,
                    "topic": ""
                  }
                ]
              }
            ],
            "operation": null,
            "pod_security_policy_config": [
              {
                "enabled": false
              }
            ],
            "private_cluster_config": [
              {
                "enable_private_endpoint": false,
                "enable_private_nodes": true,
                "master_global_access_config": [
                  {
                    "enabled": false
                  }
                ],
                "master_ipv4_cidr_block": "172.16.0.0/28",
                "peering_name": "gke-n4b695c7eeb56513a98f-31af-274c-peer",
                "private_endpoint": "172.16.0.2",
                "public_endpoint": "34.171.136.164"
              }
            ],
            "private_ipv6_google_access": "",
            "project": "certif-demo-project",
            "release_channel": [
              {
                "channel": "UNSPECIFIED"
              }
            ],
            "remove_default_node_pool": true,
            "resource_labels": null,
            "resource_usage_export_config": [],
            "self_link": "https://container.googleapis.com/v1beta1/projects/certif-demo-project/locations/us-central1/clusters/gke-standard-zoubir-ouarab-notepad-dev",
            "service_external_ips_config": [
              {
                "enabled": false
              }
            ],
            "services_ipv4_cidr": "10.100.0.0/23",
            "subnetwork": "projects/certif-demo-project/regions/us-central1/subnetworks/gke-standard-zoubir-ouarab-notepad-dev-subnet",
            "timeouts": {
              "create": "30m",
              "delete": "30m",
              "read": null,
              "update": "30m"
            },
            "tpu_config": null,
            "tpu_ipv4_cidr_block": "",
            "vertical_pod_autoscaling": [],
            "workload_identity_config": [
              {
                "workload_pool": "certif-demo-project.svc.id.goog"
              }
            ]
          },
          "sensitive_attributes": [],
          "private": "eyJlMmJmYjczMC1lY2FhLTExZTYtOGY4OC0zNDM2M2JjN2M0YzAiOnsiY3JlYXRlIjoxODAwMDAwMDAwMDAwLCJkZWxldGUiOjE4MDAwMDAwMDAwMDAsInJlYWQiOjI0MDAwMDAwMDAwMDAsInVwZGF0ZSI6MTgwMDAwMDAwMDAwMH0sInNjaGVtYV92ZXJzaW9uIjoiMSJ9",
          "dependencies": [
            "google_compute_network.vpc_network",
            "google_compute_subnetwork.gke_standard_subnet"
          ]
        }
      ]
    },
    {
      "mode": "managed",
      "type": "google_container_node_pool",
      "name": "custom-node_pool",
      "provider": "provider[\"registry.terraform.io/hashicorp/google\"]",
      "instances": [
        {
          "schema_version": 1,
          "attributes": {
            "autoscaling": [],
            "cluster": "gke-standard-zoubir-ouarab-notepad-dev",
            "id": "projects/certif-demo-project/locations/us-central1/clusters/gke-standard-zoubir-ouarab-notepad-dev/nodePools/main-pool",
            "initial_node_count": 1,
            "instance_group_urls": [
              "https://www.googleapis.com/compute/v1/projects/certif-demo-project/zones/us-central1-c/instanceGroupManagers/gke-gke-standard-zoubir-oua-main-pool-4e6dcb20-grp",
              "https://www.googleapis.com/compute/v1/projects/certif-demo-project/zones/us-central1-b/instanceGroupManagers/gke-gke-standard-zoubir-oua-main-pool-5068bb29-grp",
              "https://www.googleapis.com/compute/v1/projects/certif-demo-project/zones/us-central1-f/instanceGroupManagers/gke-gke-standard-zoubir-oua-main-pool-b360ed21-grp"
            ],
            "location": "us-central1",
            "managed_instance_group_urls": [
              "https://www.googleapis.com/compute/v1/projects/certif-demo-project/zones/us-central1-c/instanceGroups/gke-gke-standard-zoubir-oua-main-pool-4e6dcb20-grp",
              "https://www.googleapis.com/compute/v1/projects/certif-demo-project/zones/us-central1-b/instanceGroups/gke-gke-standard-zoubir-oua-main-pool-5068bb29-grp",
              "https://www.googleapis.com/compute/v1/projects/certif-demo-project/zones/us-central1-f/instanceGroups/gke-gke-standard-zoubir-oua-main-pool-b360ed21-grp"
            ],
            "management": [
              {
                "auto_repair": false,
                "auto_upgrade": false
              }
            ],
            "max_pods_per_node": 110,
            "name": "main-pool",
            "name_prefix": "",
            "node_config": [
              {
                "boot_disk_kms_key": "",
                "disk_size_gb": 100,
                "disk_type": "pd-standard",
                "gcfs_config": [],
                "guest_accelerator": [],
                "gvnic": [],
                "image_type": "COS_CONTAINERD",
                "labels": {},
                "local_ssd_count": 0,
                "machine_type": "e2-medium",
                "metadata": {
                  "disable-legacy-endpoints": "true"
                },
                "min_cpu_platform": "",
                "node_group": "",
                "oauth_scopes": [
                  "https://www.googleapis.com/auth/logging.write",
                  "https://www.googleapis.com/auth/monitoring"
                ],
                "preemptible": false,
                "reservation_affinity": [],
                "service_account": "default",
                "shielded_instance_config": [
                  {
                    "enable_integrity_monitoring": true,
                    "enable_secure_boot": false
                  }
                ],
                "spot": false,
                "tags": null,
                "taint": [],
                "workload_metadata_config": [
                  {
                    "mode": "GKE_METADATA"
                  }
                ]
              }
            ],
            "node_count": 1,
            "node_locations": [
              "us-central1-b",
              "us-central1-c",
              "us-central1-f"
            ],
            "operation": null,
            "project": "certif-demo-project",
            "timeouts": {
              "create": "10m",
              "delete": "10m",
              "update": null
            },
            "upgrade_settings": [
              {
                "max_surge": 1,
                "max_unavailable": 0
              }
            ],
            "version": "1.22.12-gke.2300"
          },
          "sensitive_attributes": [],
          "private": "eyJlMmJmYjczMC1lY2FhLTExZTYtOGY4OC0zNDM2M2JjN2M0YzAiOnsiY3JlYXRlIjo2MDAwMDAwMDAwMDAsImRlbGV0ZSI6NjAwMDAwMDAwMDAwLCJ1cGRhdGUiOjE4MDAwMDAwMDAwMDB9LCJzY2hlbWFfdmVyc2lvbiI6IjEifQ==",
          "dependencies": [
            "google_compute_network.vpc_network",
            "google_compute_subnetwork.gke_standard_subnet",
            "google_container_cluster.primary_cluster"
          ]
        }
      ]
    },
    {
      "mode": "managed",
      "type": "google_project_service",
      "name": "compute",
      "provider": "provider[\"registry.terraform.io/hashicorp/google\"]",
      "instances": [
        {
          "schema_version": 0,
          "attributes": {
            "disable_dependent_services": null,
            "disable_on_destroy": false,
            "id": "certif-demo-project/container.googleapis.com",
            "project": "certif-demo-project",
            "service": "container.googleapis.com",
            "timeouts": null
          },
          "sensitive_attributes": [],
          "private": "eyJlMmJmYjczMC1lY2FhLTExZTYtOGY4OC0zNDM2M2JjN2M0YzAiOnsiY3JlYXRlIjoxMjAwMDAwMDAwMDAwLCJkZWxldGUiOjEyMDAwMDAwMDAwMDAsInJlYWQiOjYwMDAwMDAwMDAwMCwidXBkYXRlIjoxMjAwMDAwMDAwMDAwfX0="
        }
      ]
    }
  ],
  "check_results": []
}
